
Microsoft Visual Studio Solution File, Format Version 12.00
# Visual Studio Version 16
VisualStudioVersion = 16.0.30011.22
MinimumVisualStudioVersion = 10.0.40219.1
Project("{FAE04EC0-301F-11D3-BF4B-00C04F79EFBC}") = "Assign71", "Assign71.csproj", "{043CB4FA-82CF-4E12-95C9-FD5FA40BCDAE}"
EndProject
Global
	GlobalSection(SolutionConfigurationPlatforms) = preSolution
		Debug|Any CPU = Debug|Any CPU
		Release|Any CPU = Release|Any CPU
	EndGlobalSection
	GlobalSection(ProjectConfigurationPlatforms) = postSolution
		{043CB4FA-82CF-4E12-95C9-FD5FA40BCDAE}.Debug|Any CPU.ActiveCfg = Debug|Any CPU
		{043CB4FA-82CF-4E12-95C9-FD5FA40BCDAE}.Debug|Any CPU.Build.0 = Debug|Any CPU
		{043CB4FA-82CF-4E12-95C9-FD5FA40BCDAE}.Release|Any CPU.ActiveCfg = Release|Any CPU
		{043CB4FA-82CF-4E12-95C9-FD5FA40BCDAE}.Release|Any CPU.Build.0 = Release|Any CPU
	EndGlobalSection
	GlobalSection(SolutionProperties) = preSolution
		HideSolutionNode = FALSE
	EndGlobalSection
	GlobalSection(ExtensibilityGlobals) = postSolution
		SolutionGuid = {8667C2CF-EED1-4835-8232-162C0F70AAC7}
	EndGlobalSection
EndGlobal
