
Microsoft Visual Studio Solution File, Format Version 12.00
# Visual Studio Version 16
VisualStudioVersion = 16.0.30011.22
MinimumVisualStudioVersion = 10.0.40219.1
Project("{FAE04EC0-301F-11D3-BF4B-00C04F79EFBC}") = "CarInsurance", "CarInsurance.csproj", "{B95AE100-FD9C-451B-9294-9199894D253D}"
EndProject
Global
	GlobalSection(SolutionConfigurationPlatforms) = preSolution
		Debug|Any CPU = Debug|Any CPU
		Release|Any CPU = Release|Any CPU
	EndGlobalSection
	GlobalSection(ProjectConfigurationPlatforms) = postSolution
		{B95AE100-FD9C-451B-9294-9199894D253D}.Debug|Any CPU.ActiveCfg = Debug|Any CPU
		{B95AE100-FD9C-451B-9294-9199894D253D}.Debug|Any CPU.Build.0 = Debug|Any CPU
		{B95AE100-FD9C-451B-9294-9199894D253D}.Release|Any CPU.ActiveCfg = Release|Any CPU
		{B95AE100-FD9C-451B-9294-9199894D253D}.Release|Any CPU.Build.0 = Release|Any CPU
	EndGlobalSection
	GlobalSection(SolutionProperties) = preSolution
		HideSolutionNode = FALSE
	EndGlobalSection
	GlobalSection(ExtensibilityGlobals) = postSolution
		SolutionGuid = {6E24E8C6-9A08-42CA-9F9B-7171F7D4F801}
	EndGlobalSection
EndGlobal
