
Microsoft Visual Studio Solution File, Format Version 12.00
# Visual Studio Version 16
VisualStudioVersion = 16.0.30011.22
MinimumVisualStudioVersion = 10.0.40219.1
Project("{FAE04EC0-301F-11D3-BF4B-00C04F79EFBC}") = "21Game", "21Game.csproj", "{3F96406F-A15E-4BB0-8533-F91FB9B0D015}"
EndProject
Project("{FAE04EC0-301F-11D3-BF4B-00C04F79EFBC}") = "Casino", "..\Casino\Casino.csproj", "{95F8E9E4-134A-4B84-9CAB-B3C1CD94EF61}"
EndProject
Global
	GlobalSection(SolutionConfigurationPlatforms) = preSolution
		Debug|Any CPU = Debug|Any CPU
		Release|Any CPU = Release|Any CPU
	EndGlobalSection
	GlobalSection(ProjectConfigurationPlatforms) = postSolution
		{3F96406F-A15E-4BB0-8533-F91FB9B0D015}.Debug|Any CPU.ActiveCfg = Debug|Any CPU
		{3F96406F-A15E-4BB0-8533-F91FB9B0D015}.Debug|Any CPU.Build.0 = Debug|Any CPU
		{3F96406F-A15E-4BB0-8533-F91FB9B0D015}.Release|Any CPU.ActiveCfg = Release|Any CPU
		{3F96406F-A15E-4BB0-8533-F91FB9B0D015}.Release|Any CPU.Build.0 = Release|Any CPU
		{95F8E9E4-134A-4B84-9CAB-B3C1CD94EF61}.Debug|Any CPU.ActiveCfg = Debug|Any CPU
		{95F8E9E4-134A-4B84-9CAB-B3C1CD94EF61}.Debug|Any CPU.Build.0 = Debug|Any CPU
		{95F8E9E4-134A-4B84-9CAB-B3C1CD94EF61}.Release|Any CPU.ActiveCfg = Release|Any CPU
		{95F8E9E4-134A-4B84-9CAB-B3C1CD94EF61}.Release|Any CPU.Build.0 = Release|Any CPU
	EndGlobalSection
	GlobalSection(SolutionProperties) = preSolution
		HideSolutionNode = FALSE
	EndGlobalSection
	GlobalSection(ExtensibilityGlobals) = postSolution
		SolutionGuid = {65140AEF-C1FA-4EA1-9949-0069DCB8EC59}
	EndGlobalSection
EndGlobal
