
Microsoft Visual Studio Solution File, Format Version 12.00
# Visual Studio Version 16
VisualStudioVersion = 16.0.30011.22
MinimumVisualStudioVersion = 10.0.40219.1
Project("{FAE04EC0-301F-11D3-BF4B-00C04F79EFBC}") = "Assign161", "Assign161.csproj", "{FE1DBC5F-4361-4840-B16A-652803D0ABAD}"
EndProject
Global
	GlobalSection(SolutionConfigurationPlatforms) = preSolution
		Debug|Any CPU = Debug|Any CPU
		Release|Any CPU = Release|Any CPU
	EndGlobalSection
	GlobalSection(ProjectConfigurationPlatforms) = postSolution
		{FE1DBC5F-4361-4840-B16A-652803D0ABAD}.Debug|Any CPU.ActiveCfg = Debug|Any CPU
		{FE1DBC5F-4361-4840-B16A-652803D0ABAD}.Debug|Any CPU.Build.0 = Debug|Any CPU
		{FE1DBC5F-4361-4840-B16A-652803D0ABAD}.Release|Any CPU.ActiveCfg = Release|Any CPU
		{FE1DBC5F-4361-4840-B16A-652803D0ABAD}.Release|Any CPU.Build.0 = Release|Any CPU
	EndGlobalSection
	GlobalSection(SolutionProperties) = preSolution
		HideSolutionNode = FALSE
	EndGlobalSection
	GlobalSection(ExtensibilityGlobals) = postSolution
		SolutionGuid = {28EF1360-6FF5-43A0-A490-3D961B0C6858}
	EndGlobalSection
EndGlobal
