
Microsoft Visual Studio Solution File, Format Version 12.00
# Visual Studio Version 16
VisualStudioVersion = 16.0.30011.22
MinimumVisualStudioVersion = 10.0.40219.1
Project("{FAE04EC0-301F-11D3-BF4B-00C04F79EFBC}") = "Assign230", "Assign230.csproj", "{54944C15-BA53-402B-8834-7BD5971B580E}"
EndProject
Global
	GlobalSection(SolutionConfigurationPlatforms) = preSolution
		Debug|Any CPU = Debug|Any CPU
		Release|Any CPU = Release|Any CPU
	EndGlobalSection
	GlobalSection(ProjectConfigurationPlatforms) = postSolution
		{54944C15-BA53-402B-8834-7BD5971B580E}.Debug|Any CPU.ActiveCfg = Debug|Any CPU
		{54944C15-BA53-402B-8834-7BD5971B580E}.Debug|Any CPU.Build.0 = Debug|Any CPU
		{54944C15-BA53-402B-8834-7BD5971B580E}.Release|Any CPU.ActiveCfg = Release|Any CPU
		{54944C15-BA53-402B-8834-7BD5971B580E}.Release|Any CPU.Build.0 = Release|Any CPU
	EndGlobalSection
	GlobalSection(SolutionProperties) = preSolution
		HideSolutionNode = FALSE
	EndGlobalSection
	GlobalSection(ExtensibilityGlobals) = postSolution
		SolutionGuid = {CF377416-C866-460B-86F9-8A2B86AE1B3C}
	EndGlobalSection
EndGlobal
