
Microsoft Visual Studio Solution File, Format Version 12.00
# Visual Studio Version 16
VisualStudioVersion = 16.0.30011.22
MinimumVisualStudioVersion = 10.0.40219.1
Project("{FAE04EC0-301F-11D3-BF4B-00C04F79EFBC}") = "Assign121b", "Assign121b.csproj", "{374E7939-CE8E-417E-9528-B0D668CEFD3A}"
EndProject
Global
	GlobalSection(SolutionConfigurationPlatforms) = preSolution
		Debug|Any CPU = Debug|Any CPU
		Release|Any CPU = Release|Any CPU
	EndGlobalSection
	GlobalSection(ProjectConfigurationPlatforms) = postSolution
		{374E7939-CE8E-417E-9528-B0D668CEFD3A}.Debug|Any CPU.ActiveCfg = Debug|Any CPU
		{374E7939-CE8E-417E-9528-B0D668CEFD3A}.Debug|Any CPU.Build.0 = Debug|Any CPU
		{374E7939-CE8E-417E-9528-B0D668CEFD3A}.Release|Any CPU.ActiveCfg = Release|Any CPU
		{374E7939-CE8E-417E-9528-B0D668CEFD3A}.Release|Any CPU.Build.0 = Release|Any CPU
	EndGlobalSection
	GlobalSection(SolutionProperties) = preSolution
		HideSolutionNode = FALSE
	EndGlobalSection
	GlobalSection(ExtensibilityGlobals) = postSolution
		SolutionGuid = {56D12534-7577-4D0A-B57C-8781A9F1C7BD}
	EndGlobalSection
EndGlobal
